
Microsoft Visual Studio Solution File, Format Version 12.00
# Visual Studio Version 17
VisualStudioVersion = 17.13.35931.197 d17.13
MinimumVisualStudioVersion = 10.0.40219.1
Project("{FAE04EC0-301F-11D3-BF4B-00C04F79EFBC}") = "Primer.Proyecto", "Primer.Proyecto\Primer.Proyecto.csproj", "{34A49719-4238-48EF-84D0-5ED9178DFAB0}"
EndProject
Global
	GlobalSection(SolutionConfigurationPlatforms) = preSolution
		Debug|Any CPU = Debug|Any CPU
		Release|Any CPU = Release|Any CPU
	EndGlobalSection
	GlobalSection(ProjectConfigurationPlatforms) = postSolution
		{34A49719-4238-48EF-84D0-5ED9178DFAB0}.Debug|Any CPU.ActiveCfg = Debug|Any CPU
		{34A49719-4238-48EF-84D0-5ED9178DFAB0}.Debug|Any CPU.Build.0 = Debug|Any CPU
		{34A49719-4238-48EF-84D0-5ED9178DFAB0}.Release|Any CPU.ActiveCfg = Release|Any CPU
		{34A49719-4238-48EF-84D0-5ED9178DFAB0}.Release|Any CPU.Build.0 = Release|Any CPU
	EndGlobalSection
	GlobalSection(SolutionProperties) = preSolution
		HideSolutionNode = FALSE
	EndGlobalSection
	GlobalSection(ExtensibilityGlobals) = postSolution
		SolutionGuid = {29E571D2-DC2B-4B8D-8C09-FB0D1D21DF21}
	EndGlobalSection
EndGlobal
